
Microsoft Visual Studio Solution File, Format Version 12.00
# Visual Studio Version 17
VisualStudioVersion = 17.0.31903.59
MinimumVisualStudioVersion = 10.0.40219.1
Project("{2150E333-8FDC-42A3-9474-1A3956D46DE8}") = "src", "src", "{827E0CD3-B72D-47B6-A68D-7590B98EB39B}"
EndProject
Project("{FAE04EC0-301F-11D3-BF4B-00C04F79EFBC}") = "DFCMAD.Core", "src\DFCMAD.Core\DFCMAD.Core.csproj", "{353537EC-7E72-49B6-98F4-90D5B9821F02}"
EndProject
Project("{FAE04EC0-301F-11D3-BF4B-00C04F79EFBC}") = "DFCMAD.WindowsAudio", "src\DFCMAD.WindowsAudio\DFCMAD.WindowsAudio.csproj", "{034C20EC-EFE8-4C15-8DE5-EA3D7A350252}"
EndProject
Project("{FAE04EC0-301F-11D3-BF4B-00C04F79EFBC}") = "DFCMAD.App", "src\DFCMAD.App\DFCMAD.App.csproj", "{AFA4948C-495E-43C5-91EC-B053C6A5BAEC}"
EndProject
Project("{FAE04EC0-301F-11D3-BF4B-00C04F79EFBC}") = "DFCMAD.Tests", "src\DFCMAD.Tests\DFCMAD.Tests.csproj", "{36B3886E-A32A-42B8-8743-E49CC48039B6}"
EndProject
Global
	GlobalSection(SolutionConfigurationPlatforms) = preSolution
		Debug|Any CPU = Debug|Any CPU
		Debug|x64 = Debug|x64
		Debug|x86 = Debug|x86
		Release|Any CPU = Release|Any CPU
		Release|x64 = Release|x64
		Release|x86 = Release|x86
	EndGlobalSection
	GlobalSection(ProjectConfigurationPlatforms) = postSolution
		{353537EC-7E72-49B6-98F4-90D5B9821F02}.Debug|Any CPU.ActiveCfg = Debug|Any CPU
		{353537EC-7E72-49B6-98F4-90D5B9821F02}.Debug|Any CPU.Build.0 = Debug|Any CPU
		{353537EC-7E72-49B6-98F4-90D5B9821F02}.Debug|x64.ActiveCfg = Debug|Any CPU
		{353537EC-7E72-49B6-98F4-90D5B9821F02}.Debug|x64.Build.0 = Debug|Any CPU
		{353537EC-7E72-49B6-98F4-90D5B9821F02}.Debug|x86.ActiveCfg = Debug|Any CPU
		{353537EC-7E72-49B6-98F4-90D5B9821F02}.Debug|x86.Build.0 = Debug|Any CPU
		{353537EC-7E72-49B6-98F4-90D5B9821F02}.Release|Any CPU.ActiveCfg = Release|Any CPU
		{353537EC-7E72-49B6-98F4-90D5B9821F02}.Release|Any CPU.Build.0 = Release|Any CPU
		{353537EC-7E72-49B6-98F4-90D5B9821F02}.Release|x64.ActiveCfg = Release|Any CPU
		{353537EC-7E72-49B6-98F4-90D5B9821F02}.Release|x64.Build.0 = Release|Any CPU
		{353537EC-7E72-49B6-98F4-90D5B9821F02}.Release|x86.ActiveCfg = Release|Any CPU
		{353537EC-7E72-49B6-98F4-90D5B9821F02}.Release|x86.Build.0 = Release|Any CPU
		{034C20EC-EFE8-4C15-8DE5-EA3D7A350252}.Debug|Any CPU.ActiveCfg = Debug|Any CPU
		{034C20EC-EFE8-4C15-8DE5-EA3D7A350252}.Debug|Any CPU.Build.0 = Debug|Any CPU
		{034C20EC-EFE8-4C15-8DE5-EA3D7A350252}.Debug|x64.ActiveCfg = Debug|Any CPU
		{034C20EC-EFE8-4C15-8DE5-EA3D7A350252}.Debug|x64.Build.0 = Debug|Any CPU
		{034C20EC-EFE8-4C15-8DE5-EA3D7A350252}.Debug|x86.ActiveCfg = Debug|Any CPU
		{034C20EC-EFE8-4C15-8DE5-EA3D7A350252}.Debug|x86.Build.0 = Debug|Any CPU
		{034C20EC-EFE8-4C15-8DE5-EA3D7A350252}.Release|Any CPU.ActiveCfg = Release|Any CPU
		{034C20EC-EFE8-4C15-8DE5-EA3D7A350252}.Release|Any CPU.Build.0 = Release|Any CPU
		{034C20EC-EFE8-4C15-8DE5-EA3D7A350252}.Release|x64.ActiveCfg = Release|Any CPU
		{034C20EC-EFE8-4C15-8DE5-EA3D7A350252}.Release|x64.Build.0 = Release|Any CPU
		{034C20EC-EFE8-4C15-8DE5-EA3D7A350252}.Release|x86.ActiveCfg = Release|Any CPU
		{034C20EC-EFE8-4C15-8DE5-EA3D7A350252}.Release|x86.Build.0 = Release|Any CPU
		{AFA4948C-495E-43C5-91EC-B053C6A5BAEC}.Debug|Any CPU.ActiveCfg = Debug|Any CPU
		{AFA4948C-495E-43C5-91EC-B053C6A5BAEC}.Debug|Any CPU.Build.0 = Debug|Any CPU
		{AFA4948C-495E-43C5-91EC-B053C6A5BAEC}.Debug|x64.ActiveCfg = Debug|Any CPU
		{AFA4948C-495E-43C5-91EC-B053C6A5BAEC}.Debug|x64.Build.0 = Debug|Any CPU
		{AFA4948C-495E-43C5-91EC-B053C6A5BAEC}.Debug|x86.ActiveCfg = Debug|Any CPU
		{AFA4948C-495E-43C5-91EC-B053C6A5BAEC}.Debug|x86.Build.0 = Debug|Any CPU
		{AFA4948C-495E-43C5-91EC-B053C6A5BAEC}.Release|Any CPU.ActiveCfg = Release|Any CPU
		{AFA4948C-495E-43C5-91EC-B053C6A5BAEC}.Release|Any CPU.Build.0 = Release|Any CPU
		{AFA4948C-495E-43C5-91EC-B053C6A5BAEC}.Release|x64.ActiveCfg = Release|Any CPU
		{AFA4948C-495E-43C5-91EC-B053C6A5BAEC}.Release|x64.Build.0 = Release|Any CPU
		{AFA4948C-495E-43C5-91EC-B053C6A5BAEC}.Release|x86.ActiveCfg = Release|Any CPU
		{AFA4948C-495E-43C5-91EC-B053C6A5BAEC}.Release|x86.Build.0 = Release|Any CPU
		{36B3886E-A32A-42B8-8743-E49CC48039B6}.Debug|Any CPU.ActiveCfg = Debug|Any CPU
		{36B3886E-A32A-42B8-8743-E49CC48039B6}.Debug|Any CPU.Build.0 = Debug|Any CPU
		{36B3886E-A32A-42B8-8743-E49CC48039B6}.Debug|x64.ActiveCfg = Debug|Any CPU
		{36B3886E-A32A-42B8-8743-E49CC48039B6}.Debug|x64.Build.0 = Debug|Any CPU
		{36B3886E-A32A-42B8-8743-E49CC48039B6}.Debug|x86.ActiveCfg = Debug|Any CPU
		{36B3886E-A32A-42B8-8743-E49CC48039B6}.Debug|x86.Build.0 = Debug|Any CPU
		{36B3886E-A32A-42B8-8743-E49CC48039B6}.Release|Any CPU.ActiveCfg = Release|Any CPU
		{36B3886E-A32A-42B8-8743-E49CC48039B6}.Release|Any CPU.Build.0 = Release|Any CPU
		{36B3886E-A32A-42B8-8743-E49CC48039B6}.Release|x64.ActiveCfg = Release|Any CPU
		{36B3886E-A32A-42B8-8743-E49CC48039B6}.Release|x64.Build.0 = Release|Any CPU
		{36B3886E-A32A-42B8-8743-E49CC48039B6}.Release|x86.ActiveCfg = Release|Any CPU
		{36B3886E-A32A-42B8-8743-E49CC48039B6}.Release|x86.Build.0 = Release|Any CPU
	EndGlobalSection
	GlobalSection(SolutionProperties) = preSolution
		HideSolutionNode = FALSE
	EndGlobalSection
	GlobalSection(NestedProjects) = preSolution
		{353537EC-7E72-49B6-98F4-90D5B9821F02} = {827E0CD3-B72D-47B6-A68D-7590B98EB39B}
		{034C20EC-EFE8-4C15-8DE5-EA3D7A350252} = {827E0CD3-B72D-47B6-A68D-7590B98EB39B}
		{AFA4948C-495E-43C5-91EC-B053C6A5BAEC} = {827E0CD3-B72D-47B6-A68D-7590B98EB39B}
		{36B3886E-A32A-42B8-8743-E49CC48039B6} = {827E0CD3-B72D-47B6-A68D-7590B98EB39B}
	EndGlobalSection
EndGlobal
